
Microsoft Visual Studio Solution File, Format Version 12.00
# Visual Studio Version 17
VisualStudioVersion = 17.8.34212.112
MinimumVisualStudioVersion = 10.0.40219.1
Project("{FAE04EC0-301F-11D3-BF4B-00C04F79EFBC}") = "DemoBlazorServerOnlinePostOffice", "DemoBlazorServerOnlinePostOffice\DemoBlazorServerOnlinePostOffice.csproj", "{9403ABBE-5C33-4580-95D7-608471EDBFBD}"
EndProject
Global
	GlobalSection(SolutionConfigurationPlatforms) = preSolution
		Debug|Any CPU = Debug|Any CPU
		Release|Any CPU = Release|Any CPU
	EndGlobalSection
	GlobalSection(ProjectConfigurationPlatforms) = postSolution
		{9403ABBE-5C33-4580-95D7-608471EDBFBD}.Debug|Any CPU.ActiveCfg = Debug|Any CPU
		{9403ABBE-5C33-4580-95D7-608471EDBFBD}.Debug|Any CPU.Build.0 = Debug|Any CPU
		{9403ABBE-5C33-4580-95D7-608471EDBFBD}.Release|Any CPU.ActiveCfg = Release|Any CPU
		{9403ABBE-5C33-4580-95D7-608471EDBFBD}.Release|Any CPU.Build.0 = Release|Any CPU
	EndGlobalSection
	GlobalSection(SolutionProperties) = preSolution
		HideSolutionNode = FALSE
	EndGlobalSection
	GlobalSection(ExtensibilityGlobals) = postSolution
		SolutionGuid = {003D3CC7-71F4-41C3-A8D6-F5373AFDEDD9}
	EndGlobalSection
EndGlobal
